
Microsoft Visual Studio Solution File, Format Version 12.00
# Visual Studio 15
VisualStudioVersion = 15.0.26730.16
MinimumVisualStudioVersion = 10.0.40219.1
Project("{9A19103F-16F7-4668-BE54-9A1E7A4F7556}") = "WebApp", "WebApp\WebApp.csproj", "{958CBB1A-0143-44E3-A3B9-30F804ADA1E1}"
EndProject
Project("{9A19103F-16F7-4668-BE54-9A1E7A4F7556}") = "CryptoServiceCore", "CryptoServiceCore\CryptoServiceCore.csproj", "{636299EE-F94C-490C-B5FC-3EC709297017}"
EndProject
Global
	GlobalSection(SolutionConfigurationPlatforms) = preSolution
		Debug|Any CPU = Debug|Any CPU
		Debug|ARM = Debug|ARM
		Debug|x64 = Debug|x64
		Debug|x86 = Debug|x86
		Release|Any CPU = Release|Any CPU
		Release|ARM = Release|ARM
		Release|x64 = Release|x64
		Release|x86 = Release|x86
	EndGlobalSection
	GlobalSection(ProjectConfigurationPlatforms) = postSolution
		{958CBB1A-0143-44E3-A3B9-30F804ADA1E1}.Debug|Any CPU.ActiveCfg = Debug|Any CPU
		{958CBB1A-0143-44E3-A3B9-30F804ADA1E1}.Debug|Any CPU.Build.0 = Debug|Any CPU
		{958CBB1A-0143-44E3-A3B9-30F804ADA1E1}.Debug|ARM.ActiveCfg = Debug|Any CPU
		{958CBB1A-0143-44E3-A3B9-30F804ADA1E1}.Debug|ARM.Build.0 = Debug|Any CPU
		{958CBB1A-0143-44E3-A3B9-30F804ADA1E1}.Debug|x64.ActiveCfg = Debug|Any CPU
		{958CBB1A-0143-44E3-A3B9-30F804ADA1E1}.Debug|x64.Build.0 = Debug|Any CPU
		{958CBB1A-0143-44E3-A3B9-30F804ADA1E1}.Debug|x86.ActiveCfg = Debug|Any CPU
		{958CBB1A-0143-44E3-A3B9-30F804ADA1E1}.Debug|x86.Build.0 = Debug|Any CPU
		{958CBB1A-0143-44E3-A3B9-30F804ADA1E1}.Release|Any CPU.ActiveCfg = Release|Any CPU
		{958CBB1A-0143-44E3-A3B9-30F804ADA1E1}.Release|Any CPU.Build.0 = Release|Any CPU
		{958CBB1A-0143-44E3-A3B9-30F804ADA1E1}.Release|ARM.ActiveCfg = Release|Any CPU
		{958CBB1A-0143-44E3-A3B9-30F804ADA1E1}.Release|ARM.Build.0 = Release|Any CPU
		{958CBB1A-0143-44E3-A3B9-30F804ADA1E1}.Release|x64.ActiveCfg = Release|Any CPU
		{958CBB1A-0143-44E3-A3B9-30F804ADA1E1}.Release|x64.Build.0 = Release|Any CPU
		{958CBB1A-0143-44E3-A3B9-30F804ADA1E1}.Release|x86.ActiveCfg = Release|Any CPU
		{958CBB1A-0143-44E3-A3B9-30F804ADA1E1}.Release|x86.Build.0 = Release|Any CPU
		{636299EE-F94C-490C-B5FC-3EC709297017}.Debug|Any CPU.ActiveCfg = Debug|Any CPU
		{636299EE-F94C-490C-B5FC-3EC709297017}.Debug|Any CPU.Build.0 = Debug|Any CPU
		{636299EE-F94C-490C-B5FC-3EC709297017}.Debug|ARM.ActiveCfg = Debug|Any CPU
		{636299EE-F94C-490C-B5FC-3EC709297017}.Debug|ARM.Build.0 = Debug|Any CPU
		{636299EE-F94C-490C-B5FC-3EC709297017}.Debug|x64.ActiveCfg = Debug|Any CPU
		{636299EE-F94C-490C-B5FC-3EC709297017}.Debug|x64.Build.0 = Debug|Any CPU
		{636299EE-F94C-490C-B5FC-3EC709297017}.Debug|x86.ActiveCfg = Debug|Any CPU
		{636299EE-F94C-490C-B5FC-3EC709297017}.Debug|x86.Build.0 = Debug|Any CPU
		{636299EE-F94C-490C-B5FC-3EC709297017}.Release|Any CPU.ActiveCfg = Release|Any CPU
		{636299EE-F94C-490C-B5FC-3EC709297017}.Release|Any CPU.Build.0 = Release|Any CPU
		{636299EE-F94C-490C-B5FC-3EC709297017}.Release|ARM.ActiveCfg = Release|Any CPU
		{636299EE-F94C-490C-B5FC-3EC709297017}.Release|ARM.Build.0 = Release|Any CPU
		{636299EE-F94C-490C-B5FC-3EC709297017}.Release|x64.ActiveCfg = Release|Any CPU
		{636299EE-F94C-490C-B5FC-3EC709297017}.Release|x64.Build.0 = Release|Any CPU
		{636299EE-F94C-490C-B5FC-3EC709297017}.Release|x86.ActiveCfg = Release|Any CPU
		{636299EE-F94C-490C-B5FC-3EC709297017}.Release|x86.Build.0 = Release|Any CPU
	EndGlobalSection
	GlobalSection(SolutionProperties) = preSolution
		HideSolutionNode = FALSE
	EndGlobalSection
	GlobalSection(ExtensibilityGlobals) = postSolution
		SolutionGuid = {D0CEA619-96F6-47F2-B6C4-F544415CC6BF}
	EndGlobalSection
EndGlobal
